
Microsoft Visual Studio Solution File, Format Version 12.00
# Visual Studio Version 16
VisualStudioVersion = 16.0.30011.22
MinimumVisualStudioVersion = 10.0.40219.1
Project("{2150E333-8FDC-42A3-9474-1A3956D46DE8}") = "Services", "Services", "{86A10A7B-14EE-4DEE-96BF-F5AEF02B005E}"
EndProject
Project("{2150E333-8FDC-42A3-9474-1A3956D46DE8}") = "Catalog", "Catalog", "{30F94F67-E1B7-440F-9686-31CE576E6427}"
EndProject
Project("{9A19103F-16F7-4668-BE54-9A1E7A4F7556}") = "Catalog.API", "Services\Catalog\Catalog.API\Catalog.API.csproj", "{F2635B5D-D049-499A-ADCD-2D05894BFACC}"
EndProject
Project("{E53339B2-1760-4266-BCC7-CA923CBCF16C}") = "docker-compose", "docker-compose.dcproj", "{7639E21F-06A4-4F48-997F-335FCA8753B9}"
EndProject
Project("{2150E333-8FDC-42A3-9474-1A3956D46DE8}") = "Basket", "Basket", "{8C90BBA8-0E2D-426F-B0E5-B0D110EAFA17}"
EndProject
Project("{9A19103F-16F7-4668-BE54-9A1E7A4F7556}") = "Basket.API", "Services\Basket\Basket.API\Basket.API.csproj", "{2747E15C-16B9-49A9-BBB4-D38C8AE946DC}"
EndProject
Project("{2150E333-8FDC-42A3-9474-1A3956D46DE8}") = "Discount", "Discount", "{E2597879-5289-4D85-ABB3-C2CA1CFF8E0E}"
EndProject
Project("{FAE04EC0-301F-11D3-BF4B-00C04F79EFBC}") = "Discount.API", "Services\Discount\Discount.API\Discount.API.csproj", "{30861850-D815-4823-B8E9-A19CA1526F20}"
EndProject
Global
	GlobalSection(SolutionConfigurationPlatforms) = preSolution
		Debug|Any CPU = Debug|Any CPU
		Release|Any CPU = Release|Any CPU
	EndGlobalSection
	GlobalSection(ProjectConfigurationPlatforms) = postSolution
		{F2635B5D-D049-499A-ADCD-2D05894BFACC}.Debug|Any CPU.ActiveCfg = Debug|Any CPU
		{F2635B5D-D049-499A-ADCD-2D05894BFACC}.Debug|Any CPU.Build.0 = Debug|Any CPU
		{F2635B5D-D049-499A-ADCD-2D05894BFACC}.Release|Any CPU.ActiveCfg = Release|Any CPU
		{F2635B5D-D049-499A-ADCD-2D05894BFACC}.Release|Any CPU.Build.0 = Release|Any CPU
		{7639E21F-06A4-4F48-997F-335FCA8753B9}.Debug|Any CPU.ActiveCfg = Debug|Any CPU
		{7639E21F-06A4-4F48-997F-335FCA8753B9}.Debug|Any CPU.Build.0 = Debug|Any CPU
		{7639E21F-06A4-4F48-997F-335FCA8753B9}.Release|Any CPU.ActiveCfg = Release|Any CPU
		{7639E21F-06A4-4F48-997F-335FCA8753B9}.Release|Any CPU.Build.0 = Release|Any CPU
		{2747E15C-16B9-49A9-BBB4-D38C8AE946DC}.Debug|Any CPU.ActiveCfg = Debug|Any CPU
		{2747E15C-16B9-49A9-BBB4-D38C8AE946DC}.Debug|Any CPU.Build.0 = Debug|Any CPU
		{2747E15C-16B9-49A9-BBB4-D38C8AE946DC}.Release|Any CPU.ActiveCfg = Release|Any CPU
		{2747E15C-16B9-49A9-BBB4-D38C8AE946DC}.Release|Any CPU.Build.0 = Release|Any CPU
		{30861850-D815-4823-B8E9-A19CA1526F20}.Debug|Any CPU.ActiveCfg = Debug|Any CPU
		{30861850-D815-4823-B8E9-A19CA1526F20}.Debug|Any CPU.Build.0 = Debug|Any CPU
		{30861850-D815-4823-B8E9-A19CA1526F20}.Release|Any CPU.ActiveCfg = Release|Any CPU
		{30861850-D815-4823-B8E9-A19CA1526F20}.Release|Any CPU.Build.0 = Release|Any CPU
	EndGlobalSection
	GlobalSection(SolutionProperties) = preSolution
		HideSolutionNode = FALSE
	EndGlobalSection
	GlobalSection(NestedProjects) = preSolution
		{30F94F67-E1B7-440F-9686-31CE576E6427} = {86A10A7B-14EE-4DEE-96BF-F5AEF02B005E}
		{F2635B5D-D049-499A-ADCD-2D05894BFACC} = {30F94F67-E1B7-440F-9686-31CE576E6427}
		{8C90BBA8-0E2D-426F-B0E5-B0D110EAFA17} = {86A10A7B-14EE-4DEE-96BF-F5AEF02B005E}
		{2747E15C-16B9-49A9-BBB4-D38C8AE946DC} = {8C90BBA8-0E2D-426F-B0E5-B0D110EAFA17}
		{E2597879-5289-4D85-ABB3-C2CA1CFF8E0E} = {86A10A7B-14EE-4DEE-96BF-F5AEF02B005E}
		{30861850-D815-4823-B8E9-A19CA1526F20} = {E2597879-5289-4D85-ABB3-C2CA1CFF8E0E}
	EndGlobalSection
	GlobalSection(ExtensibilityGlobals) = postSolution
		SolutionGuid = {B0A14D4F-C785-4C79-9520-BB415774233F}
	EndGlobalSection
EndGlobal
